
Microsoft Visual Studio Solution File, Format Version 12.00
# Visual Studio 2012
Project("{FAE04EC0-301F-11D3-BF4B-00C04F79EFBC}") = "Немодальные окна", "Немодальные окна\Немодальные окна.csproj", "{F328A8A8-D40D-4855-AD69-CFCF48E2643A}"
EndProject
Global
	GlobalSection(SolutionConfigurationPlatforms) = preSolution
		Debug|Any CPU = Debug|Any CPU
		Release|Any CPU = Release|Any CPU
	EndGlobalSection
	GlobalSection(ProjectConfigurationPlatforms) = postSolution
		{F328A8A8-D40D-4855-AD69-CFCF48E2643A}.Debug|Any CPU.ActiveCfg = Debug|Any CPU
		{F328A8A8-D40D-4855-AD69-CFCF48E2643A}.Debug|Any CPU.Build.0 = Debug|Any CPU
		{F328A8A8-D40D-4855-AD69-CFCF48E2643A}.Release|Any CPU.ActiveCfg = Release|Any CPU
		{F328A8A8-D40D-4855-AD69-CFCF48E2643A}.Release|Any CPU.Build.0 = Release|Any CPU
	EndGlobalSection
	GlobalSection(SolutionProperties) = preSolution
		HideSolutionNode = FALSE
	EndGlobalSection
EndGlobal
