
Microsoft Visual Studio Solution File, Format Version 12.00
# Visual Studio Version 16
VisualStudioVersion = 16.0.29230.47
MinimumVisualStudioVersion = 10.0.40219.1
Project("{FAE04EC0-301F-11D3-BF4B-00C04F79EFBC}") = "ISRPPS_Lab_6", "ISRPPS_Lab_6.csproj", "{2A352AD0-72C7-45D1-82A9-AF714CC98D2F}"
EndProject
Global
	GlobalSection(SolutionConfigurationPlatforms) = preSolution
		Debug|Any CPU = Debug|Any CPU
		Release|Any CPU = Release|Any CPU
	EndGlobalSection
	GlobalSection(ProjectConfigurationPlatforms) = postSolution
		{2A352AD0-72C7-45D1-82A9-AF714CC98D2F}.Debug|Any CPU.ActiveCfg = Debug|Any CPU
		{2A352AD0-72C7-45D1-82A9-AF714CC98D2F}.Debug|Any CPU.Build.0 = Debug|Any CPU
		{2A352AD0-72C7-45D1-82A9-AF714CC98D2F}.Release|Any CPU.ActiveCfg = Release|Any CPU
		{2A352AD0-72C7-45D1-82A9-AF714CC98D2F}.Release|Any CPU.Build.0 = Release|Any CPU
	EndGlobalSection
	GlobalSection(SolutionProperties) = preSolution
		HideSolutionNode = FALSE
	EndGlobalSection
	GlobalSection(ExtensibilityGlobals) = postSolution
		SolutionGuid = {10C92749-AE64-436E-A437-CCA9E7545AF1}
	EndGlobalSection
EndGlobal
