
Microsoft Visual Studio Solution File, Format Version 12.00
# Visual Studio 15
VisualStudioVersion = 15.0.28010.2048
MinimumVisualStudioVersion = 10.0.40219.1
Project("{FAE04EC0-301F-11D3-BF4B-00C04F79EFBC}") = "lab5", "lab5.csproj", "{6E323B7D-DA9A-4FD4-B0D2-9DA581A73358}"
EndProject
Global
	GlobalSection(SolutionConfigurationPlatforms) = preSolution
		Debug|Any CPU = Debug|Any CPU
		Release|Any CPU = Release|Any CPU
	EndGlobalSection
	GlobalSection(ProjectConfigurationPlatforms) = postSolution
		{6E323B7D-DA9A-4FD4-B0D2-9DA581A73358}.Debug|Any CPU.ActiveCfg = Debug|Any CPU
		{6E323B7D-DA9A-4FD4-B0D2-9DA581A73358}.Debug|Any CPU.Build.0 = Debug|Any CPU
		{6E323B7D-DA9A-4FD4-B0D2-9DA581A73358}.Release|Any CPU.ActiveCfg = Release|Any CPU
		{6E323B7D-DA9A-4FD4-B0D2-9DA581A73358}.Release|Any CPU.Build.0 = Release|Any CPU
	EndGlobalSection
	GlobalSection(SolutionProperties) = preSolution
		HideSolutionNode = FALSE
	EndGlobalSection
	GlobalSection(ExtensibilityGlobals) = postSolution
		SolutionGuid = {8D5C1647-2D0A-4154-A819-1BC50562B624}
	EndGlobalSection
EndGlobal
