
Microsoft Visual Studio Solution File, Format Version 12.00
# Visual Studio 15
VisualStudioVersion = 15.0.28010.2048
MinimumVisualStudioVersion = 10.0.40219.1
Project("{FAE04EC0-301F-11D3-BF4B-00C04F79EFBC}") = "lab7", "lab7.csproj", "{D5142329-576D-4D2F-90E2-45792D5D96B2}"
EndProject
Global
	GlobalSection(SolutionConfigurationPlatforms) = preSolution
		Debug|Any CPU = Debug|Any CPU
		Release|Any CPU = Release|Any CPU
	EndGlobalSection
	GlobalSection(ProjectConfigurationPlatforms) = postSolution
		{D5142329-576D-4D2F-90E2-45792D5D96B2}.Debug|Any CPU.ActiveCfg = Debug|Any CPU
		{D5142329-576D-4D2F-90E2-45792D5D96B2}.Debug|Any CPU.Build.0 = Debug|Any CPU
		{D5142329-576D-4D2F-90E2-45792D5D96B2}.Release|Any CPU.ActiveCfg = Release|Any CPU
		{D5142329-576D-4D2F-90E2-45792D5D96B2}.Release|Any CPU.Build.0 = Release|Any CPU
	EndGlobalSection
	GlobalSection(SolutionProperties) = preSolution
		HideSolutionNode = FALSE
	EndGlobalSection
	GlobalSection(ExtensibilityGlobals) = postSolution
		SolutionGuid = {25DD226D-4A7D-47E5-B728-9855EB6AFAF3}
	EndGlobalSection
EndGlobal
