
Microsoft Visual Studio Solution File, Format Version 12.00
# Visual Studio 15
VisualStudioVersion = 15.0.28010.2048
MinimumVisualStudioVersion = 10.0.40219.1
Project("{FAE04EC0-301F-11D3-BF4B-00C04F79EFBC}") = "Курсовая работа по ООП", "Курсовая работа по ООП.csproj", "{46A5DDF3-8E11-42F9-A0DD-DC3CAE80D618}"
EndProject
Global
	GlobalSection(SolutionConfigurationPlatforms) = preSolution
		Debug|Any CPU = Debug|Any CPU
		Release|Any CPU = Release|Any CPU
	EndGlobalSection
	GlobalSection(ProjectConfigurationPlatforms) = postSolution
		{46A5DDF3-8E11-42F9-A0DD-DC3CAE80D618}.Debug|Any CPU.ActiveCfg = Debug|Any CPU
		{46A5DDF3-8E11-42F9-A0DD-DC3CAE80D618}.Debug|Any CPU.Build.0 = Debug|Any CPU
		{46A5DDF3-8E11-42F9-A0DD-DC3CAE80D618}.Release|Any CPU.ActiveCfg = Release|Any CPU
		{46A5DDF3-8E11-42F9-A0DD-DC3CAE80D618}.Release|Any CPU.Build.0 = Release|Any CPU
	EndGlobalSection
	GlobalSection(SolutionProperties) = preSolution
		HideSolutionNode = FALSE
	EndGlobalSection
	GlobalSection(ExtensibilityGlobals) = postSolution
		SolutionGuid = {CFD76BB4-28E5-4195-A89B-125C614FF4F1}
	EndGlobalSection
EndGlobal
