
Microsoft Visual Studio Solution File, Format Version 12.00
# Visual Studio Version 16
VisualStudioVersion = 16.0.29230.47
MinimumVisualStudioVersion = 10.0.40219.1
Project("{FAE04EC0-301F-11D3-BF4B-00C04F79EFBC}") = "ISRPPS_Lab10", "ISRPPS_Lab10.csproj", "{FEF4CE32-2994-4437-B894-FBAEA7FE3A38}"
EndProject
Global
	GlobalSection(SolutionConfigurationPlatforms) = preSolution
		Debug|Any CPU = Debug|Any CPU
		Release|Any CPU = Release|Any CPU
	EndGlobalSection
	GlobalSection(ProjectConfigurationPlatforms) = postSolution
		{FEF4CE32-2994-4437-B894-FBAEA7FE3A38}.Debug|Any CPU.ActiveCfg = Debug|Any CPU
		{FEF4CE32-2994-4437-B894-FBAEA7FE3A38}.Debug|Any CPU.Build.0 = Debug|Any CPU
		{FEF4CE32-2994-4437-B894-FBAEA7FE3A38}.Release|Any CPU.ActiveCfg = Release|Any CPU
		{FEF4CE32-2994-4437-B894-FBAEA7FE3A38}.Release|Any CPU.Build.0 = Release|Any CPU
	EndGlobalSection
	GlobalSection(SolutionProperties) = preSolution
		HideSolutionNode = FALSE
	EndGlobalSection
	GlobalSection(ExtensibilityGlobals) = postSolution
		SolutionGuid = {834681F6-65F8-4953-B8DC-C80FBA591806}
	EndGlobalSection
EndGlobal
