
Microsoft Visual Studio Solution File, Format Version 12.00
# Visual Studio 15
VisualStudioVersion = 15.0.28010.2048
MinimumVisualStudioVersion = 10.0.40219.1
Project("{FAE04EC0-301F-11D3-BF4B-00C04F79EFBC}") = "lab6", "lab6.csproj", "{AD4B288E-53BE-479A-B840-59DC10158759}"
EndProject
Global
	GlobalSection(SolutionConfigurationPlatforms) = preSolution
		Debug|Any CPU = Debug|Any CPU
		Release|Any CPU = Release|Any CPU
	EndGlobalSection
	GlobalSection(ProjectConfigurationPlatforms) = postSolution
		{AD4B288E-53BE-479A-B840-59DC10158759}.Debug|Any CPU.ActiveCfg = Debug|Any CPU
		{AD4B288E-53BE-479A-B840-59DC10158759}.Debug|Any CPU.Build.0 = Debug|Any CPU
		{AD4B288E-53BE-479A-B840-59DC10158759}.Release|Any CPU.ActiveCfg = Release|Any CPU
		{AD4B288E-53BE-479A-B840-59DC10158759}.Release|Any CPU.Build.0 = Release|Any CPU
	EndGlobalSection
	GlobalSection(SolutionProperties) = preSolution
		HideSolutionNode = FALSE
	EndGlobalSection
	GlobalSection(ExtensibilityGlobals) = postSolution
		SolutionGuid = {D7144963-D201-41CE-BB65-E9D5AE5E8EFB}
	EndGlobalSection
EndGlobal
