
Microsoft Visual Studio Solution File, Format Version 12.00
# Visual Studio Version 16
VisualStudioVersion = 16.0.29230.47
MinimumVisualStudioVersion = 10.0.40219.1
Project("{FAE04EC0-301F-11D3-BF4B-00C04F79EFBC}") = "ISRPPS_lab9", "ISRPPS_lab9.csproj", "{742AA3AD-225B-4F9E-8D17-8E8405B2BBD7}"
EndProject
Global
	GlobalSection(SolutionConfigurationPlatforms) = preSolution
		Debug|Any CPU = Debug|Any CPU
		Release|Any CPU = Release|Any CPU
	EndGlobalSection
	GlobalSection(ProjectConfigurationPlatforms) = postSolution
		{742AA3AD-225B-4F9E-8D17-8E8405B2BBD7}.Debug|Any CPU.ActiveCfg = Debug|Any CPU
		{742AA3AD-225B-4F9E-8D17-8E8405B2BBD7}.Debug|Any CPU.Build.0 = Debug|Any CPU
		{742AA3AD-225B-4F9E-8D17-8E8405B2BBD7}.Release|Any CPU.ActiveCfg = Release|Any CPU
		{742AA3AD-225B-4F9E-8D17-8E8405B2BBD7}.Release|Any CPU.Build.0 = Release|Any CPU
	EndGlobalSection
	GlobalSection(SolutionProperties) = preSolution
		HideSolutionNode = FALSE
	EndGlobalSection
	GlobalSection(ExtensibilityGlobals) = postSolution
		SolutionGuid = {92C2DCA1-0230-491B-AE30-50B5595B054E}
	EndGlobalSection
EndGlobal
